
Microsoft Visual Studio Solution File, Format Version 12.00
# Visual Studio Version 16
VisualStudioVersion = 16.0.30717.126
MinimumVisualStudioVersion = 10.0.40219.1
Project("{FAE04EC0-301F-11D3-BF4B-00C04F79EFBC}") = "TestUngDung", "TestUngDung\TestUngDung.csproj", "{2BCB09F3-E629-4DAF-894D-F514D1A45A15}"
EndProject
Project("{FAE04EC0-301F-11D3-BF4B-00C04F79EFBC}") = "ModelEF", "ModelEF\ModelEF.csproj", "{953DC1FC-A641-47E1-9954-51AE5C03D930}"
EndProject
Global
	GlobalSection(SolutionConfigurationPlatforms) = preSolution
		Debug|Any CPU = Debug|Any CPU
		Release|Any CPU = Release|Any CPU
	EndGlobalSection
	GlobalSection(ProjectConfigurationPlatforms) = postSolution
		{2BCB09F3-E629-4DAF-894D-F514D1A45A15}.Debug|Any CPU.ActiveCfg = Debug|Any CPU
		{2BCB09F3-E629-4DAF-894D-F514D1A45A15}.Debug|Any CPU.Build.0 = Debug|Any CPU
		{2BCB09F3-E629-4DAF-894D-F514D1A45A15}.Release|Any CPU.ActiveCfg = Release|Any CPU
		{2BCB09F3-E629-4DAF-894D-F514D1A45A15}.Release|Any CPU.Build.0 = Release|Any CPU
		{953DC1FC-A641-47E1-9954-51AE5C03D930}.Debug|Any CPU.ActiveCfg = Debug|Any CPU
		{953DC1FC-A641-47E1-9954-51AE5C03D930}.Debug|Any CPU.Build.0 = Debug|Any CPU
		{953DC1FC-A641-47E1-9954-51AE5C03D930}.Release|Any CPU.ActiveCfg = Release|Any CPU
		{953DC1FC-A641-47E1-9954-51AE5C03D930}.Release|Any CPU.Build.0 = Release|Any CPU
	EndGlobalSection
	GlobalSection(SolutionProperties) = preSolution
		HideSolutionNode = FALSE
	EndGlobalSection
	GlobalSection(ExtensibilityGlobals) = postSolution
		SolutionGuid = {E63C2035-0AB3-49CA-8810-586B801EF338}
	EndGlobalSection
EndGlobal
